
Microsoft Visual Studio Solution File, Format Version 12.00
# Visual Studio Version 16
VisualStudioVersion = 16.0.30804.86
MinimumVisualStudioVersion = 10.0.40219.1
Project("{FAE04EC0-301F-11D3-BF4B-00C04F79EFBC}") = "QuickFist", "QuickFist.csproj", "{E6909A0F-A3D0-492D-93AA-E33D480DB7DC}"
EndProject
Global
	GlobalSection(SolutionConfigurationPlatforms) = preSolution
		Debug|Any CPU = Debug|Any CPU
		Release|Any CPU = Release|Any CPU
	EndGlobalSection
	GlobalSection(ProjectConfigurationPlatforms) = postSolution
		{E6909A0F-A3D0-492D-93AA-E33D480DB7DC}.Debug|Any CPU.ActiveCfg = Debug|Any CPU
		{E6909A0F-A3D0-492D-93AA-E33D480DB7DC}.Debug|Any CPU.Build.0 = Debug|Any CPU
		{E6909A0F-A3D0-492D-93AA-E33D480DB7DC}.Release|Any CPU.ActiveCfg = Release|Any CPU
		{E6909A0F-A3D0-492D-93AA-E33D480DB7DC}.Release|Any CPU.Build.0 = Release|Any CPU
	EndGlobalSection
	GlobalSection(SolutionProperties) = preSolution
		HideSolutionNode = FALSE
	EndGlobalSection
	GlobalSection(ExtensibilityGlobals) = postSolution
		SolutionGuid = {F5BB7028-811E-451D-A65D-F1DEEE09C372}
	EndGlobalSection
EndGlobal
